PODS:
  - Alamofire (4.5.1)
  - CocoaLumberjack/Default (3.3.0)
  - CocoaLumberjack/Swift (3.3.0):
    - CocoaLumberjack/Default
  - Himotoki (3.0.1)
  - MJRefresh (3.1.15.1)
  - PureLayout (3.0.2)
  - SwiftyJSON (3.1.4)
  - ZFListView (0.0.2)
  - ZFMediaPlayer (0.0.5)

DEPENDENCIES:
  - Alamofire (~> 4.5.0)
  - CocoaLumberjack/Swift
  - Himotoki (~> 3.0.1)
  - MJRefresh
  - PureLayout (~> 3.0.2)
  - SwiftyJSON (~> 3.1.4)
  - ZFListView (~> 0.0.2)
  - ZFMediaPlayer (from `ZFMediaPlayer.podspec`)

SPEC REPOS:
  https://github.com/CocoaPods/Specs.git:
    - Alamofire
    - CocoaLumberjack
    - Himotoki
    - MJRefresh
    - PureLayout
    - SwiftyJSON
    - ZFListView

EXTERNAL SOURCES:
  ZFMediaPlayer:
    :path: ZFMediaPlayer.podspec

SPEC CHECKSUMS:
  Alamofire: 2d95912bf4c34f164fdfc335872e8c312acaea4a
  CocoaLumberjack: 3c8c74683302f9012bb168e1c4b7ae3c0b558431
  Himotoki: 85fda41d4d0e14f7228317a3b474175cdfb8f515
  MJRefresh: 5f8552bc25ca8751c010f621c1098dbdaacbccd6
  PureLayout: 4d550abe49a94f24c2808b9b95db9131685fe4cd
  SwiftyJSON: c2842d878f95482ffceec5709abc3d05680c0220
  ZFListView: 47707f38e3531b2342d69a90fbe37f351d3bc39e
  ZFMediaPlayer: 85a4c86eff6f637491456f55e958f2804a3c7432

PODFILE CHECKSUM: 16e3b83c5761a40699ef56621938fb4b79107913

COCOAPODS: 1.5.0
